
Microsoft Visual Studio Solution File, Format Version 12.00
# Visual Studio Version 16
VisualStudioVersion = 16.0.31410.357
MinimumVisualStudioVersion = 10.0.40219.1
Project("{FAE04EC0-301F-11D3-BF4B-00C04F79EFBC}") = "study-case-wpf-app", "study-case-wpf-app.csproj", "{62294565-921D-4A2F-830A-2598DD1E299F}"
EndProject
Global
	GlobalSection(SolutionConfigurationPlatforms) = preSolution
		Debug|Any CPU = Debug|Any CPU
		Release|Any CPU = Release|Any CPU
	EndGlobalSection
	GlobalSection(ProjectConfigurationPlatforms) = postSolution
		{62294565-921D-4A2F-830A-2598DD1E299F}.Debug|Any CPU.ActiveCfg = Debug|Any CPU
		{62294565-921D-4A2F-830A-2598DD1E299F}.Debug|Any CPU.Build.0 = Debug|Any CPU
		{62294565-921D-4A2F-830A-2598DD1E299F}.Release|Any CPU.ActiveCfg = Release|Any CPU
		{62294565-921D-4A2F-830A-2598DD1E299F}.Release|Any CPU.Build.0 = Release|Any CPU
	EndGlobalSection
	GlobalSection(SolutionProperties) = preSolution
		HideSolutionNode = FALSE
	EndGlobalSection
	GlobalSection(ExtensibilityGlobals) = postSolution
		SolutionGuid = {C6D62384-F896-4105-83C0-1A29E386F76A}
	EndGlobalSection
EndGlobal
